
Microsoft Visual Studio Solution File, Format Version 12.00
# Visual Studio 15
VisualStudioVersion = 15.0.28307.136
MinimumVisualStudioVersion = 10.0.40219.1
Project("{FAE04EC0-301F-11D3-BF4B-00C04F79EFBC}") = "AbstractFactory", "AbstractFactory\AbstractFactory.csproj", "{2C1CAFE2-CFA6-4C05-B951-D2D1859C9298}"
EndProject
Project("{FAE04EC0-301F-11D3-BF4B-00C04F79EFBC}") = "Builder", "AbstractFactoryPartTwo\Builder.csproj", "{90400371-6CC8-4DCC-8E84-50E8A2A91CF1}"
EndProject
Project("{FAE04EC0-301F-11D3-BF4B-00C04F79EFBC}") = "AbstractFactoryPartTwo", "Builder\AbstractFactoryPartTwo.csproj", "{9831013E-0510-4570-B025-FAD0BF2392F2}"
EndProject
Project("{FAE04EC0-301F-11D3-BF4B-00C04F79EFBC}") = "FactoryMethod", "FactoryMethod\FactoryMethod.csproj", "{393A1AFC-9F83-4D8B-9763-8C804E282F34}"
EndProject
Global
	GlobalSection(SolutionConfigurationPlatforms) = preSolution
		Debug|Any CPU = Debug|Any CPU
		Release|Any CPU = Release|Any CPU
	EndGlobalSection
	GlobalSection(ProjectConfigurationPlatforms) = postSolution
		{2C1CAFE2-CFA6-4C05-B951-D2D1859C9298}.Debug|Any CPU.ActiveCfg = Debug|Any CPU
		{2C1CAFE2-CFA6-4C05-B951-D2D1859C9298}.Debug|Any CPU.Build.0 = Debug|Any CPU
		{2C1CAFE2-CFA6-4C05-B951-D2D1859C9298}.Release|Any CPU.ActiveCfg = Release|Any CPU
		{2C1CAFE2-CFA6-4C05-B951-D2D1859C9298}.Release|Any CPU.Build.0 = Release|Any CPU
		{90400371-6CC8-4DCC-8E84-50E8A2A91CF1}.Debug|Any CPU.ActiveCfg = Debug|Any CPU
		{90400371-6CC8-4DCC-8E84-50E8A2A91CF1}.Debug|Any CPU.Build.0 = Debug|Any CPU
		{90400371-6CC8-4DCC-8E84-50E8A2A91CF1}.Release|Any CPU.ActiveCfg = Release|Any CPU
		{90400371-6CC8-4DCC-8E84-50E8A2A91CF1}.Release|Any CPU.Build.0 = Release|Any CPU
		{9831013E-0510-4570-B025-FAD0BF2392F2}.Debug|Any CPU.ActiveCfg = Debug|Any CPU
		{9831013E-0510-4570-B025-FAD0BF2392F2}.Debug|Any CPU.Build.0 = Debug|Any CPU
		{9831013E-0510-4570-B025-FAD0BF2392F2}.Release|Any CPU.ActiveCfg = Release|Any CPU
		{9831013E-0510-4570-B025-FAD0BF2392F2}.Release|Any CPU.Build.0 = Release|Any CPU
		{393A1AFC-9F83-4D8B-9763-8C804E282F34}.Debug|Any CPU.ActiveCfg = Debug|Any CPU
		{393A1AFC-9F83-4D8B-9763-8C804E282F34}.Debug|Any CPU.Build.0 = Debug|Any CPU
		{393A1AFC-9F83-4D8B-9763-8C804E282F34}.Release|Any CPU.ActiveCfg = Release|Any CPU
		{393A1AFC-9F83-4D8B-9763-8C804E282F34}.Release|Any CPU.Build.0 = Release|Any CPU
	EndGlobalSection
	GlobalSection(SolutionProperties) = preSolution
		HideSolutionNode = FALSE
	EndGlobalSection
	GlobalSection(ExtensibilityGlobals) = postSolution
		SolutionGuid = {D9153E9F-92FB-4F25-983E-C7CA750DAD41}
	EndGlobalSection
EndGlobal
